PODS:
  - DStack/DSControllers (0.3.0):
    - DStack/DSExtensions
    - RxCocoa (~> 4.0)
    - RxSwift (~> 4.0)
  - DStack/DSExtensions (0.3.0)
  - DStack/DSViews (0.3.0):
    - DStack/DSExtensions
  - RxCocoa (4.3.1):
    - RxSwift (~> 4.0)
  - RxSwift (4.3.1)
  - SwiftLint (0.27.0)

DEPENDENCIES:
  - DStack/DSControllers (from `..`)
  - DStack/DSViews (from `..`)
  - SwiftLint

SPEC REPOS:
  https://github.com/cocoapods/specs.git:
    - RxCocoa
    - RxSwift
    - SwiftLint

EXTERNAL SOURCES:
  DStack:
    :path: ".."

SPEC CHECKSUMS:
  DStack: 5f813a04e4d717a1da9865a6785cb7d04c64aba1
  RxCocoa: 78763c7b07d02455598d9fc3c1ad091a28b73635
  RxSwift: fe0fd770a43acdb7d0a53da411c9b892e69bb6e4
  SwiftLint: 3207c1faa2240bf8973b191820a116113cd11073

PODFILE CHECKSUM: 6325110f71b1f28cbc4462b6e4024d0e54140f7a

COCOAPODS: 1.5.3
