PODS:
  - DStack/DSControllers (0.4.1):
    - DStack/DSExtensions
    - RxCocoa
    - RxSwift
  - DStack/DSExtensions (0.4.1)
  - DStack/DSViews (0.4.1):
    - DStack/DSExtensions
  - RxCocoa (5.0.0):
    - RxRelay (~> 5)
    - RxSwift (~> 5)
  - RxRelay (5.0.0):
    - RxSwift (~> 5)
  - RxSwift (5.0.0)
  - SwiftLint (0.33.1)

DEPENDENCIES:
  - DStack/DSControllers (from `..`)
  - DStack/DSViews (from `..`)
  - SwiftLint

SPEC REPOS:
  https://github.com/CocoaPods/Specs.git:
    - RxCocoa
    - RxRelay
    - RxSwift
    - SwiftLint

EXTERNAL SOURCES:
  DStack:
    :path: ".."

SPEC CHECKSUMS:
  DStack: f2a4a5c64aec5e8d422234ef1d14ad32f233f93c
  RxCocoa: fcf32050ac00d801f34a7f71d5e8e7f23026dcd8
  RxRelay: 4f7409406a51a55cd88483f21ed898c234d60f18
  RxSwift: 8b0671caa829a763bbce7271095859121cbd895f
  SwiftLint: 9fc1143bbacec37f94994a7d0d2a85b2154b6294

PODFILE CHECKSUM: 6325110f71b1f28cbc4462b6e4024d0e54140f7a

COCOAPODS: 1.9.3
